{
    "_readme": [
        "This file locks the dependencies of your project to a known state",
        "Read more about it at https://getcomposer.org/doc/01-basic-usage.md#composer-lock-the-lock-file",
        "This file is @generated automatically"
    ],
    "hash": "6b912dacc060e4df4871531d05e558c5",
    "content-hash": "fa0f030dba9c707bf84606b50f6d574a",
    "packages": [
        {
            "name": "apache/log4php",
            "version": "2.3.0",
            "source": {
                "type": "git",
                "url": "https://git-wip-us.apache.org/repos/asf/logging-log4php.git",
                "reference": "cac428b6f67d2035af39784da1d1a299ef42fcf2"
            },
            "require": {
                "php": ">=5.2.7"
            },
            "type": "library",
            "autoload": {
                "classmap": [
                    "src/main/php/"
                ]
            },
            "notification-url": "https://packagist.org/downloads/",
            "license": [
                "Apache-2.0"
            ],
            "description": "A versatile logging framework for PHP",
            "homepage": "http://logging.apache.org/log4php/",
            "keywords": [
                "log",
                "logging",
                "php"
            ],
            "time": "2012-10-26 09:13:25"
        },
        {
            "name": "braga/db",
            "version": "2.0.4",
            "source": {
                "type": "svn",
                "url": "https://svn.code.sf.net/p/braga/code/db",
                "reference": "/tags/2.0.4/@432"
            },
            "require": {
                "braga/tools": "~2",
                "php": ">=5.4.0"
            },
            "suggest": {
                "braga/tools": "Generator for dao object"
            },
            "type": "library",
            "autoload": {
                "psr-4": {
                    "braga\\db\\": "src"
                }
            },
            "notification-url": "https://packagist.org/downloads/",
            "license": [
                "MIT"
            ],
            "authors": [
                {
                    "name": "Tomasz Gajewski",
                    "email": "tgajewski007@gmail.com",
                    "role": "Developer"
                }
            ],
            "description": "DB Wraper",
            "homepage": "https://sourceforge.net/projects/braga/",
            "keywords": [
                "db",
                "mysql",
                "oracle",
                "pdo"
            ],
            "time": "2017-08-12 13:20:44"
        },
        {
            "name": "braga/tools",
            "version": "2.1.5",
            "source": {
                "type": "svn",
                "url": "https://svn.code.sf.net/p/braga/code/tools",
                "reference": "/tags/2.1.5/@447"
            },
            "require": {
                "apache/log4php": "~2.3",
                "php": ">=5.6"
            },
            "require-dev": {
                "phpunit/phpunit": "3.7.38"
            },
            "type": "library",
            "autoload": {
                "psr-4": {
                    "braga\\tools\\": "src"
                },
                "files": [
                    "src/tools/tools.php"
                ]
            },
            "notification-url": "https://packagist.org/downloads/",
            "license": [
                "MIT"
            ],
            "description": "Many difrent tools lib",
            "keywords": [
                "libs",
                "tools"
            ],
            "time": "2017-10-06 18:51:01"
        },
        {
            "name": "braga/widgets",
            "version": "2.2.10",
            "source": {
                "type": "svn",
                "url": "https://svn.code.sf.net/p/braga/code/widgets",
                "reference": "/tags/2.2.10/@451"
            },
            "require": {
                "braga/db": "~2",
                "braga/tools": "~2",
                "php": ">=5.4"
            },
            "require-dev": {
                "phpunit/phpunit": "3.7.38"
            },
            "type": "library",
            "autoload": {
                "psr-4": {
                    "braga\\widgets\\": "src"
                },
                "files": [
                    "src/jqueryui/func.php"
                ]
            },
            "notification-url": "https://packagist.org/downloads/",
            "license": [
                "MIT"
            ],
            "authors": [
                {
                    "name": "Tomasz Gajewski",
                    "email": "tgajewski007@gmail.com",
                    "role": "dev"
                }
            ],
            "description": "Widgets server side",
            "keywords": [
                "widgets jquery-ui"
            ],
            "time": "2017-10-06 20:10:55"
        }
    ],
    "packages-dev": [
        {
            "name": "braga/dao-generator",
            "version": "2.5.7",
            "source": {
                "type": "svn",
                "url": "https://svn.code.sf.net/p/simplephpdaogen/code",
                "reference": "/tags/2.5.7/@197"
            },
            "require": {
                "braga/db": "~2"
            },
            "require-dev": {
                "phpunit/phpunit": "3.7.38"
            },
            "type": "dao-generator",
            "autoload": {
                "psr-4": {
                    "braga\\daogenerator\\": "src"
                }
            },
            "notification-url": "https://packagist.org/downloads/",
            "license": [
                "MIT"
            ],
            "authors": [
                {
                    "name": "Tomasz Gajewski",
                    "email": "tgajewski007@gmail.com",
                    "role": "Developer"
                }
            ],
            "description": "Object DAO generator",
            "homepage": "https://sourceforge.net/projects/simplephpdaogen/",
            "keywords": [
                "dao",
                "generator",
                "orm"
            ],
            "time": "2017-09-30 18:30:48"
        }
    ],
    "aliases": [],
    "minimum-stability": "stable",
    "stability-flags": [],
    "prefer-stable": false,
    "prefer-lowest": false,
    "platform": [],
    "platform-dev": []
}
