{
    "_readme": [
        "This file locks the dependencies of your project to a known state",
        "Read more about it at https://getcomposer.org/doc/01-basic-usage.md#composer-lock-the-lock-file",
        "This file is @generated automatically"
    ],
    "hash": "830750cf685928b2e2efa7b7a792c07c",
    "content-hash": "66ffe2cbab84b7ae13b7cdd454d86fd2",
    "packages": [
        {
            "name": "braga/db",
            "version": "dev-trunk",
            "source": {
                "type": "svn",
                "url": "https://svn.code.sf.net/p/braga/code/db",
                "reference": "/trunk/@205"
            },
            "require": {
                "braga/tools": "dev-trunk",
                "php": ">=5.4.0"
            },
            "suggest": {
                "braga/tools": "Generator for dao object"
            },
            "type": "library",
            "autoload": {
                "psr-4": {
                    "braga\\db\\": "src"
                }
            },
            "notification-url": "https://packagist.org/downloads/",
            "license": [
                "MIT"
            ],
            "authors": [
                {
                    "name": "Tomasz Gajewski",
                    "email": "tgajewski007@gmail.com",
                    "role": "Developer"
                }
            ],
            "description": "DB Wraper",
            "homepage": "https://sourceforge.net/projects/braga/",
            "keywords": [
                "db",
                "mysql",
                "oracle",
                "pdo"
            ],
            "time": "2016-12-18 08:00:19"
        },
        {
            "name": "braga/tools",
            "version": "dev-trunk",
            "source": {
                "type": "svn",
                "url": "https://svn.code.sf.net/p/braga/code/tools",
                "reference": "/trunk/@274"
            },
            "require": {
                "php": ">=5.4"
            },
            "require-dev": {
                "phpunit/phpunit": "3.7.38"
            },
            "type": "library",
            "autoload": {
                "psr-4": {
                    "braga\\tools\\": "src"
                },
                "files": [
                    "src/tools/tools.php"
                ]
            },
            "notification-url": "https://packagist.org/downloads/",
            "license": [
                "MIT"
            ],
            "description": "Many difrent tools lib",
            "keywords": [
                "libs",
                "tools"
            ],
            "time": "2017-01-22 18:21:20"
        },
        {
            "name": "braga/widgets",
            "version": "dev-trunk",
            "source": {
                "type": "svn",
                "url": "https://svn.code.sf.net/p/braga/code/widgets",
                "reference": "/trunk/@281"
            },
            "require": {
                "braga/db": "dev-trunk",
                "braga/tools": "dev-trunk",
                "php": ">=5.4"
            },
            "require-dev": {
                "phpunit/phpunit": "3.7.38"
            },
            "type": "library",
            "autoload": {
                "psr-4": {
                    "braga\\widgets\\": "src"
                },
                "files": [
                    "src/jqueryui/func.php"
                ]
            },
            "notification-url": "https://packagist.org/downloads/",
            "license": [
                "MIT"
            ],
            "authors": [
                {
                    "name": "Tomasz Gajewski",
                    "email": "tgajewski007@gmail.com",
                    "role": "dev"
                }
            ],
            "description": "Widgets server side",
            "keywords": [
                "widgets jquery-ui"
            ],
            "time": "2017-01-29 17:38:53"
        }
    ],
    "packages-dev": [
        {
            "name": "braga/dao-generator",
            "version": "dev-trunk",
            "source": {
                "type": "svn",
                "url": "https://svn.code.sf.net/p/simplephpdaogen/code",
                "reference": "/trunk/@166"
            },
            "require": {
                "braga/db": "dev-trunk"
            },
            "require-dev": {
                "phpunit/phpunit": "3.7.38"
            },
            "type": "dao-generator",
            "autoload": {
                "psr-4": {
                    "braga\\daogenerator\\": "src"
                }
            },
            "notification-url": "https://packagist.org/downloads/",
            "license": [
                "MIT"
            ],
            "authors": [
                {
                    "name": "Tomasz Gajewski",
                    "email": "tgajewski007@gmail.com",
                    "role": "Developer"
                }
            ],
            "description": "Object DAO generator",
            "homepage": "https://sourceforge.net/projects/simplephpdaogen/",
            "keywords": [
                "dao",
                "generator",
                "orm"
            ],
            "time": "2016-12-05 18:53:23"
        }
    ],
    "aliases": [],
    "minimum-stability": "dev",
    "stability-flags": {
        "braga/db": 20,
        "braga/tools": 20,
        "braga/widgets": 20,
        "braga/dao-generator": 20
    },
    "prefer-stable": false,
    "prefer-lowest": false,
    "platform": [],
    "platform-dev": []
}
